// !$*UTF8*$!
{
	archiveVersion = 1;
	classes = {
	};
	objectVersion = 46;
	objects = {

/* Begin PBXBuildFile section */
		9884DB511FBE760000C9596B /* datacache.cpp in Sources */ = {isa = PBXBuildFile; fileRef = 9884DB501FBE760000C9596B /* datacache.cpp */; };
/* End PBXBuildFile section */

/* Begin PBXCopyFilesBuildPhase section */
		9872595F1FBE7243006EAC02 /* CopyFiles */ = {
			isa = PBXCopyFilesBuildPhase;
			buildActionMask = 2147483647;
			dstPath = /usr/share/man/man1/;
			dstSubfolderSpec = 0;
			files = (
			);
			runOnlyForDeploymentPostprocessing = 1;
		};
/* End PBXCopyFilesBuildPhase section */

/* Begin PBXFileReference section */
		987259611FBE7243006EAC02 /* MIPS DataCache Simulator */ = {isa = PBXFileReference; explicitFileType = "compiled.mach-o.executable"; includeInIndex = 0; path = "MIPS DataCache Simulator"; sourceTree = BUILT_PRODUCTS_DIR; };
		9884DB501FBE760000C9596B /* datacache.cpp */ = {isa = PBXFileReference; fileEncoding = 4; lastKnownFileType = sourcecode.cpp.cpp; path = datacache.cpp; sourceTree = "<group>"; };
		989DDA1E1FCB599B00626234 /* trace.config */ = {isa = PBXFileReference; fileEncoding = 4; lastKnownFileType = text; path = trace.config; sourceTree = "<group>"; };
		989DDA1F1FCB5BAB00626234 /* trace.dat */ = {isa = PBXFileReference; fileEncoding = 4; lastKnownFileType = text; path = trace.dat; sourceTree = "<group>"; };
		989DDA201FCBCC2B00626234 /* trace2.dat */ = {isa = PBXFileReference; fileEncoding = 4; lastKnownFileType = text; path = trace2.dat; sourceTree = "<group>"; };
		989DDA211FCBE3CF00626234 /* tst1.sml */ = {isa = PBXFileReference; fileEncoding = 4; lastKnownFileType = text; path = tst1.sml; sourceTree = "<group>"; };
		989DDA221FCBE3D900626234 /* tst2.sml */ = {isa = PBXFileReference; fileEncoding = 4; lastKnownFileType = text; path = tst2.sml; sourceTree = "<group>"; };
		989DDA231FCBE51300626234 /* testBig4.dat */ = {isa = PBXFileReference; fileEncoding = 4; lastKnownFileType = text; path = testBig4.dat; sourceTree = "<group>"; };
		98A11CCD1FCC673A0075F32A /* andrew.out */ = {isa = PBXFileReference; fileEncoding = 4; lastKnownFileType = text; path = andrew.out; sourceTree = "<group>"; };
		98A11CCE1FCC673A0075F32A /* uhTest.out */ = {isa = PBXFileReference; fileEncoding = 4; lastKnownFileType = text; path = uhTest.out; sourceTree = "<group>"; };
		98A11CCF1FCC7D1C0075F32A /* testBig5.dat */ = {isa = PBXFileReference; fileEncoding = 4; lastKnownFileType = text; path = testBig5.dat; sourceTree = "<group>"; };
		98A11CD01FCC7E3D0075F32A /* testBig6.dat */ = {isa = PBXFileReference; fileEncoding = 4; lastKnownFileType = text; path = testBig6.dat; sourceTree = "<group>"; };
		98A11CD11FCC7E7E0075F32A /* testBig7.dat */ = {isa = PBXFileReference; fileEncoding = 4; lastKnownFileType = text; path = testBig7.dat; sourceTree = "<group>"; };
		98A11CD21FCC7F140075F32A /* test.dat */ = {isa = PBXFileReference; fileEncoding = 4; lastKnownFileType = text; path = test.dat; sourceTree = "<group>"; };
		98A11CD31FCCE2590075F32A /* andrewTest.dat */ = {isa = PBXFileReference; fileEncoding = 4; lastKnownFileType = text; path = andrewTest.dat; sourceTree = "<group>"; };
/* End PBXFileReference section */

/* Begin PBXFrameworksBuildPhase section */
		9872595E1FBE7243006EAC02 /* Frameworks */ = {
			isa = PBXFrameworksBuildPhase;
			buildActionMask = 2147483647;
			files = (
			);
			runOnlyForDeploymentPostprocessing = 0;
		};
/* End PBXFrameworksBuildPhase section */

/* Begin PBXGroup section */
		987259581FBE7243006EAC02 = {
			isa = PBXGroup;
			children = (
				987259631FBE7243006EAC02 /* MIPS DataCache Simulator */,
				987259621FBE7243006EAC02 /* Products */,
			);
			sourceTree = "<group>";
		};
		987259621FBE7243006EAC02 /* Products */ = {
			isa = PBXGroup;
			children = (
				987259611FBE7243006EAC02 /* MIPS DataCache Simulator */,
			);
			name = Products;
			sourceTree = "<group>";
		};
		987259631FBE7243006EAC02 /* MIPS DataCache Simulator */ = {
			isa = PBXGroup;
			children = (
				98A11CCD1FCC673A0075F32A /* andrew.out */,
				98A11CCE1FCC673A0075F32A /* uhTest.out */,
				989DDA1E1FCB599B00626234 /* trace.config */,
				9884DB501FBE760000C9596B /* datacache.cpp */,
				989DDA1F1FCB5BAB00626234 /* trace.dat */,
				989DDA201FCBCC2B00626234 /* trace2.dat */,
				989DDA211FCBE3CF00626234 /* tst1.sml */,
				989DDA221FCBE3D900626234 /* tst2.sml */,
				989DDA231FCBE51300626234 /* testBig4.dat */,
				98A11CD31FCCE2590075F32A /* andrewTest.dat */,
				98A11CD21FCC7F140075F32A /* test.dat */,
				98A11CD01FCC7E3D0075F32A /* testBig6.dat */,
				98A11CD11FCC7E7E0075F32A /* testBig7.dat */,
				98A11CCF1FCC7D1C0075F32A /* testBig5.dat */,
			);
			path = "MIPS DataCache Simulator";
			sourceTree = "<group>";
		};
/* End PBXGroup section */

/* Begin PBXNativeTarget section */
		987259601FBE7243006EAC02 /* MIPS DataCache Simulator */ = {
			isa = PBXNativeTarget;
			buildConfigurationList = 987259681FBE7243006EAC02 /* Build configuration list for PBXNativeTarget "MIPS DataCache Simulator" */;
			buildPhases = (
				9872595D1FBE7243006EAC02 /* Sources */,
				9872595E1FBE7243006EAC02 /* Frameworks */,
				9872595F1FBE7243006EAC02 /* CopyFiles */,
			);
			buildRules = (
			);
			dependencies = (
			);
			name = "MIPS DataCache Simulator";
			productName = "MIPS DataCache Simulator";
			productReference = 987259611FBE7243006EAC02 /* MIPS DataCache Simulator */;
			productType = "com.apple.product-type.tool";
		};
/* End PBXNativeTarget section */

/* Begin PBXProject section */
		987259591FBE7243006EAC02 /* Project object */ = {
			isa = PBXProject;
			attributes = {
				LastUpgradeCheck = 0910;
				ORGANIZATIONNAME = FSU;
				TargetAttributes = {
					987259601FBE7243006EAC02 = {
						CreatedOnToolsVersion = 8.1;
						ProvisioningStyle = Automatic;
					};
				};
			};
			buildConfigurationList = 9872595C1FBE7243006EAC02 /* Build configuration list for PBXProject "MIPS DataCache Simulator" */;
			compatibilityVersion = "Xcode 3.2";
			developmentRegion = English;
			hasScannedForEncodings = 0;
			knownRegions = (
				en,
			);
			mainGroup = 987259581FBE7243006EAC02;
			productRefGroup = 987259621FBE7243006EAC02 /* Products */;
			projectDirPath = "";
			projectRoot = "";
			targets = (
				987259601FBE7243006EAC02 /* MIPS DataCache Simulator */,
			);
		};
/* End PBXProject section */

/* Begin PBXSourcesBuildPhase section */
		9872595D1FBE7243006EAC02 /* Sources */ = {
			isa = PBXSourcesBuildPhase;
			buildActionMask = 2147483647;
			files = (
				9884DB511FBE760000C9596B /* datacache.cpp in Sources */,
			);
			runOnlyForDeploymentPostprocessing = 0;
		};
/* End PBXSourcesBuildPhase section */

/* Begin XCBuildConfiguration section */
		987259661FBE7243006EAC02 /* Debug */ = {
			isa = XCBuildConfiguration;
			buildSettings = {
				ALWAYS_SEARCH_USER_PATHS = NO;
				CLANG_ANALYZER_NONNULL = YES;
				CLANG_CXX_LANGUAGE_STANDARD = "gnu++0x";
				CLANG_CXX_LIBRARY = "libc++";
				CLANG_ENABLE_MODULES = YES;
				CLANG_ENABLE_OBJC_ARC = YES;
				CLANG_WARN_BLOCK_CAPTURE_AUTORELEASING = YES;
				CLANG_WARN_BOOL_CONVERSION = YES;
				CLANG_WARN_COMMA = YES;
				CLANG_WARN_CONSTANT_CONVERSION = YES;
				CLANG_WARN_DIRECT_OBJC_ISA_USAGE = YES_ERROR;
				CLANG_WARN_DOCUMENTATION_COMMENTS = YES;
				CLANG_WARN_EMPTY_BODY = YES;
				CLANG_WARN_ENUM_CONVERSION = YES;
				CLANG_WARN_INFINITE_RECURSION = YES;
				CLANG_WARN_INT_CONVERSION = YES;
				CLANG_WARN_NON_LITERAL_NULL_CONVERSION = YES;
				CLANG_WARN_OBJC_LITERAL_CONVERSION = YES;
				CLANG_WARN_OBJC_ROOT_CLASS = YES_ERROR;
				CLANG_WARN_RANGE_LOOP_ANALYSIS = YES;
				CLANG_WARN_STRICT_PROTOTYPES = YES;
				CLANG_WARN_SUSPICIOUS_MOVE = YES;
				CLANG_WARN_SUSPICIOUS_MOVES = YES;
				CLANG_WARN_UNREACHABLE_CODE = YES;
				CLANG_WARN__DUPLICATE_METHOD_MATCH = YES;
				CODE_SIGN_IDENTITY = "-";
				COPY_PHASE_STRIP = NO;
				DEBUG_INFORMATION_FORMAT = dwarf;
				ENABLE_STRICT_OBJC_MSGSEND = YES;
				ENABLE_TESTABILITY = YES;
				GCC_C_LANGUAGE_STANDARD = gnu99;
				GCC_DYNAMIC_NO_PIC = NO;
				GCC_NO_COMMON_BLOCKS = YES;
				GCC_OPTIMIZATION_LEVEL = 0;
				GCC_PREPROCESSOR_DEFINITIONS = (
					"DEBUG=1",
					"$(inherited)",
				);
				GCC_WARN_64_TO_32_BIT_CONVERSION = YES;
				GCC_WARN_ABOUT_RETURN_TYPE = YES_ERROR;
				GCC_WARN_UNDECLARED_SELECTOR = YES;
				GCC_WARN_UNINITIALIZED_AUTOS = YES_AGGRESSIVE;
				GCC_WARN_UNUSED_FUNCTION = YES;
				GCC_WARN_UNUSED_VARIABLE = YES;
				MACOSX_DEPLOYMENT_TARGET = 10.12;
				MTL_ENABLE_DEBUG_INFO = YES;
				ONLY_ACTIVE_ARCH = YES;
				OTHER_CPLUSPLUSFLAGS = (
					"-I$(PROJECT_DIR)",
					"-I$(PROJECT_DIR)/MIPS\\ DataCache\\ Simulator",
				);
				SDKROOT = macosx;
			};
			name = Debug;
		};
		987259671FBE7243006EAC02 /* Release */ = {
			isa = XCBuildConfiguration;
			buildSettings = {
				ALWAYS_SEARCH_USER_PATHS = NO;
				CLANG_ANALYZER_NONNULL = YES;
				CLANG_CXX_LANGUAGE_STANDARD = "gnu++0x";
				CLANG_CXX_LIBRARY = "libc++";
				CLANG_ENABLE_MODULES = YES;
				CLANG_ENABLE_OBJC_ARC = YES;
				CLANG_WARN_BLOCK_CAPTURE_AUTORELEASING = YES;
				CLANG_WARN_BOOL_CONVERSION = YES;
				CLANG_WARN_COMMA = YES;
				CLANG_WARN_CONSTANT_CONVERSION = YES;
				CLANG_WARN_DIRECT_OBJC_ISA_USAGE = YES_ERROR;
				CLANG_WARN_DOCUMENTATION_COMMENTS = YES;
				CLANG_WARN_EMPTY_BODY = YES;
				CLANG_WARN_ENUM_CONVERSION = YES;
				CLANG_WARN_INFINITE_RECURSION = YES;
				CLANG_WARN_INT_CONVERSION = YES;
				CLANG_WARN_NON_LITERAL_NULL_CONVERSION = YES;
				CLANG_WARN_OBJC_LITERAL_CONVERSION = YES;
				CLANG_WARN_OBJC_ROOT_CLASS = YES_ERROR;
				CLANG_WARN_RANGE_LOOP_ANALYSIS = YES;
				CLANG_WARN_STRICT_PROTOTYPES = YES;
				CLANG_WARN_SUSPICIOUS_MOVE = YES;
				CLANG_WARN_SUSPICIOUS_MOVES = YES;
				CLANG_WARN_UNREACHABLE_CODE = YES;
				CLANG_WARN__DUPLICATE_METHOD_MATCH = YES;
				CODE_SIGN_IDENTITY = "-";
				COPY_PHASE_STRIP = NO;
				DEBUG_INFORMATION_FORMAT = "dwarf-with-dsym";
				ENABLE_NS_ASSERTIONS = NO;
				ENABLE_STRICT_OBJC_MSGSEND = YES;
				GCC_C_LANGUAGE_STANDARD = gnu99;
				GCC_NO_COMMON_BLOCKS = YES;
				GCC_WARN_64_TO_32_BIT_CONVERSION = YES;
				GCC_WARN_ABOUT_RETURN_TYPE = YES_ERROR;
				GCC_WARN_UNDECLARED_SELECTOR = YES;
				GCC_WARN_UNINITIALIZED_AUTOS = YES_AGGRESSIVE;
				GCC_WARN_UNUSED_FUNCTION = YES;
				GCC_WARN_UNUSED_VARIABLE = YES;
				MACOSX_DEPLOYMENT_TARGET = 10.12;
				MTL_ENABLE_DEBUG_INFO = NO;
				OTHER_CPLUSPLUSFLAGS = (
					"-I$(PROJECT_DIR)",
					"-I$(PROJECT_DIR)/MIPS\\ DataCache\\ Simulator",
				);
				SDKROOT = macosx;
			};
			name = Release;
		};
		987259691FBE7243006EAC02 /* Debug */ = {
			isa = XCBuildConfiguration;
			buildSettings = {
				OTHER_CPLUSPLUSFLAGS = "-I$(PROJECT_DIR)/MIPS\\ DataCache\\ Simulator";
				PRODUCT_NAME = "$(TARGET_NAME)";
			};
			name = Debug;
		};
		9872596A1FBE7243006EAC02 /* Release */ = {
			isa = XCBuildConfiguration;
			buildSettings = {
				OTHER_CPLUSPLUSFLAGS = "-I$(PROJECT_DIR)/MIPS\\ DataCache\\ Simulator";
				PRODUCT_NAME = "$(TARGET_NAME)";
			};
			name = Release;
		};
/* End XCBuildConfiguration section */

/* Begin XCConfigurationList section */
		9872595C1FBE7243006EAC02 /* Build configuration list for PBXProject "MIPS DataCache Simulator" */ = {
			isa = XCConfigurationList;
			buildConfigurations = (
				987259661FBE7243006EAC02 /* Debug */,
				987259671FBE7243006EAC02 /* Release */,
			);
			defaultConfigurationIsVisible = 0;
			defaultConfigurationName = Release;
		};
		987259681FBE7243006EAC02 /* Build configuration list for PBXNativeTarget "MIPS DataCache Simulator" */ = {
			isa = XCConfigurationList;
			buildConfigurations = (
				987259691FBE7243006EAC02 /* Debug */,
				9872596A1FBE7243006EAC02 /* Release */,
			);
			defaultConfigurationIsVisible = 0;
			defaultConfigurationName = Release;
		};
/* End XCConfigurationList section */
	};
	rootObject = 987259591FBE7243006EAC02 /* Project object */;
}
